
Microsoft Visual Studio Solution File, Format Version 12.00
# Visual Studio Version 16
VisualStudioVersion = 16.0.29409.12
MinimumVisualStudioVersion = 10.0.40219.1
Project("{FAE04EC0-301F-11D3-BF4B-00C04F79EFBC}") = "Lesson 1", "Lesson 1\Lesson 1.csproj", "{EDDD00B5-F987-47B2-9DEA-07094ECD2218}"
EndProject
Project("{FAE04EC0-301F-11D3-BF4B-00C04F79EFBC}") = "Lesson 2", "Lesson 2\Lesson 2.csproj", "{27833B99-F146-48C5-977D-0E2303879D7E}"
EndProject
Project("{FAE04EC0-301F-11D3-BF4B-00C04F79EFBC}") = "Lesson 3", "Lesson3\Lesson 3.csproj", "{1CA50217-CB82-4E50-B911-816DF29F2222}"
EndProject
Project("{FAE04EC0-301F-11D3-BF4B-00C04F79EFBC}") = "Lesson 4", "Lesson 4\Lesson 4.csproj", "{7454F8D1-E366-4FE8-BA35-03E6145F909B}"
EndProject
Project("{FAE04EC0-301F-11D3-BF4B-00C04F79EFBC}") = "Lesson 5", "Lesson 5\Lesson 5.csproj", "{231F4050-A822-4AE5-8ACA-C064242C64A0}"
EndProject
Project("{FAE04EC0-301F-11D3-BF4B-00C04F79EFBC}") = "Lesson 6.1", "Lesson 6.1\Lesson 6.1.csproj", "{9F1FAE83-0A94-4DDB-A027-BF7E0097522A}"
EndProject
Project("{FAE04EC0-301F-11D3-BF4B-00C04F79EFBC}") = "Lesson 6.2", "Lesson 6.2\Lesson 6.2.csproj", "{996E8133-2D0E-4757-B375-C9E6FAA52B6F}"
EndProject
Project("{FAE04EC0-301F-11D3-BF4B-00C04F79EFBC}") = "Lesson 6.3", "Lesson 6.3\Lesson 6.3.csproj", "{BB61CD51-CC92-456B-BC6E-C0B6AF520891}"
EndProject
Project("{FAE04EC0-301F-11D3-BF4B-00C04F79EFBC}") = "Lesson 6.4", "Lesson 6.4\Lesson 6.4.csproj", "{0C972DF6-A32A-4130-B22B-7BB5ADC978E1}"
EndProject
Global
	GlobalSection(SolutionConfigurationPlatforms) = preSolution
		Debug|Any CPU = Debug|Any CPU
		Release|Any CPU = Release|Any CPU
	EndGlobalSection
	GlobalSection(ProjectConfigurationPlatforms) = postSolution
		{EDDD00B5-F987-47B2-9DEA-07094ECD2218}.Debug|Any CPU.ActiveCfg = Debug|Any CPU
		{EDDD00B5-F987-47B2-9DEA-07094ECD2218}.Debug|Any CPU.Build.0 = Debug|Any CPU
		{EDDD00B5-F987-47B2-9DEA-07094ECD2218}.Release|Any CPU.ActiveCfg = Release|Any CPU
		{EDDD00B5-F987-47B2-9DEA-07094ECD2218}.Release|Any CPU.Build.0 = Release|Any CPU
		{27833B99-F146-48C5-977D-0E2303879D7E}.Debug|Any CPU.ActiveCfg = Debug|Any CPU
		{27833B99-F146-48C5-977D-0E2303879D7E}.Debug|Any CPU.Build.0 = Debug|Any CPU
		{27833B99-F146-48C5-977D-0E2303879D7E}.Release|Any CPU.ActiveCfg = Release|Any CPU
		{27833B99-F146-48C5-977D-0E2303879D7E}.Release|Any CPU.Build.0 = Release|Any CPU
		{1CA50217-CB82-4E50-B911-816DF29F2222}.Debug|Any CPU.ActiveCfg = Debug|Any CPU
		{1CA50217-CB82-4E50-B911-816DF29F2222}.Debug|Any CPU.Build.0 = Debug|Any CPU
		{1CA50217-CB82-4E50-B911-816DF29F2222}.Release|Any CPU.ActiveCfg = Release|Any CPU
		{1CA50217-CB82-4E50-B911-816DF29F2222}.Release|Any CPU.Build.0 = Release|Any CPU
		{7454F8D1-E366-4FE8-BA35-03E6145F909B}.Debug|Any CPU.ActiveCfg = Debug|Any CPU
		{7454F8D1-E366-4FE8-BA35-03E6145F909B}.Debug|Any CPU.Build.0 = Debug|Any CPU
		{7454F8D1-E366-4FE8-BA35-03E6145F909B}.Release|Any CPU.ActiveCfg = Release|Any CPU
		{7454F8D1-E366-4FE8-BA35-03E6145F909B}.Release|Any CPU.Build.0 = Release|Any CPU
		{231F4050-A822-4AE5-8ACA-C064242C64A0}.Debug|Any CPU.ActiveCfg = Debug|Any CPU
		{231F4050-A822-4AE5-8ACA-C064242C64A0}.Debug|Any CPU.Build.0 = Debug|Any CPU
		{231F4050-A822-4AE5-8ACA-C064242C64A0}.Release|Any CPU.ActiveCfg = Release|Any CPU
		{231F4050-A822-4AE5-8ACA-C064242C64A0}.Release|Any CPU.Build.0 = Release|Any CPU
		{9F1FAE83-0A94-4DDB-A027-BF7E0097522A}.Debug|Any CPU.ActiveCfg = Debug|Any CPU
		{9F1FAE83-0A94-4DDB-A027-BF7E0097522A}.Debug|Any CPU.Build.0 = Debug|Any CPU
		{9F1FAE83-0A94-4DDB-A027-BF7E0097522A}.Release|Any CPU.ActiveCfg = Release|Any CPU
		{9F1FAE83-0A94-4DDB-A027-BF7E0097522A}.Release|Any CPU.Build.0 = Release|Any CPU
		{996E8133-2D0E-4757-B375-C9E6FAA52B6F}.Debug|Any CPU.ActiveCfg = Debug|Any CPU
		{996E8133-2D0E-4757-B375-C9E6FAA52B6F}.Debug|Any CPU.Build.0 = Debug|Any CPU
		{996E8133-2D0E-4757-B375-C9E6FAA52B6F}.Release|Any CPU.ActiveCfg = Release|Any CPU
		{996E8133-2D0E-4757-B375-C9E6FAA52B6F}.Release|Any CPU.Build.0 = Release|Any CPU
		{BB61CD51-CC92-456B-BC6E-C0B6AF520891}.Debug|Any CPU.ActiveCfg = Debug|Any CPU
		{BB61CD51-CC92-456B-BC6E-C0B6AF520891}.Debug|Any CPU.Build.0 = Debug|Any CPU
		{BB61CD51-CC92-456B-BC6E-C0B6AF520891}.Release|Any CPU.ActiveCfg = Release|Any CPU
		{BB61CD51-CC92-456B-BC6E-C0B6AF520891}.Release|Any CPU.Build.0 = Release|Any CPU
		{0C972DF6-A32A-4130-B22B-7BB5ADC978E1}.Debug|Any CPU.ActiveCfg = Debug|Any CPU
		{0C972DF6-A32A-4130-B22B-7BB5ADC978E1}.Debug|Any CPU.Build.0 = Debug|Any CPU
		{0C972DF6-A32A-4130-B22B-7BB5ADC978E1}.Release|Any CPU.ActiveCfg = Release|Any CPU
		{0C972DF6-A32A-4130-B22B-7BB5ADC978E1}.Release|Any CPU.Build.0 = Release|Any CPU
	EndGlobalSection
	GlobalSection(SolutionProperties) = preSolution
		HideSolutionNode = FALSE
	EndGlobalSection
	GlobalSection(ExtensibilityGlobals) = postSolution
		SolutionGuid = {972FDD6A-86E8-4233-BC98-16B4A91D2F46}
	EndGlobalSection
EndGlobal
